
Microsoft Visual Studio Solution File, Format Version 12.00
# Visual Studio 14
VisualStudioVersion = 14.0.25123.0
MinimumVisualStudioVersion = 10.0.40219.1
Project("{FAE04EC0-301F-11D3-BF4B-00C04F79EFBC}") = "FormsRotation.Droid", "FormsRotation\FormsRotation.Droid\FormsRotation.Droid.csproj", "{79FC713D-D881-4EAC-8BD8-BC6C495117C8}"
EndProject
Project("{FAE04EC0-301F-11D3-BF4B-00C04F79EFBC}") = "FormsRotation.iOS", "FormsRotation\FormsRotation.iOS\FormsRotation.iOS.csproj", "{F53384AB-43B2-4272-810F-63E0F0A09C59}"
EndProject
Project("{FAE04EC0-301F-11D3-BF4B-00C04F79EFBC}") = "FormsRotation.WinPhone", "FormsRotation\FormsRotation.WinPhone\FormsRotation.WinPhone.csproj", "{EA3E512A-EF5F-4AE4-9507-239C566588E2}"
EndProject
Project("{FAE04EC0-301F-11D3-BF4B-00C04F79EFBC}") = "FormsRotation.UWP", "FormsRotation\FormsRotation.UWP\FormsRotation.UWP.csproj", "{3D105604-33E0-4394-8A59-3E8F70EC5F27}"
EndProject
Project("{FAE04EC0-301F-11D3-BF4B-00C04F79EFBC}") = "FormsRotation.Windows", "FormsRotation\FormsRotation.Windows\FormsRotation.Windows.csproj", "{DC20D6A0-022D-4A85-A554-F64C67D43433}"
EndProject
Project("{FAE04EC0-301F-11D3-BF4B-00C04F79EFBC}") = "FormsRotation", "FormsRotation\FormsRotation\FormsRotation.csproj", "{6ED5DD39-9A67-4717-8247-ED68D09E1387}"
EndProject
Global
	GlobalSection(SolutionConfigurationPlatforms) = preSolution
		Ad-Hoc|Any CPU = Ad-Hoc|Any CPU
		Ad-Hoc|ARM = Ad-Hoc|ARM
		Ad-Hoc|iPhone = Ad-Hoc|iPhone
		Ad-Hoc|iPhoneSimulator = Ad-Hoc|iPhoneSimulator
		Ad-Hoc|x64 = Ad-Hoc|x64
		Ad-Hoc|x86 = Ad-Hoc|x86
		AppStore|Any CPU = AppStore|Any CPU
		AppStore|ARM = AppStore|ARM
		AppStore|iPhone = AppStore|iPhone
		AppStore|iPhoneSimulator = AppStore|iPhoneSimulator
		AppStore|x64 = AppStore|x64
		AppStore|x86 = AppStore|x86
		Debug|Any CPU = Debug|Any CPU
		Debug|ARM = Debug|ARM
		Debug|iPhone = Debug|iPhone
		Debug|iPhoneSimulator = Debug|iPhoneSimulator
		Debug|x64 = Debug|x64
		Debug|x86 = Debug|x86
		Release|Any CPU = Release|Any CPU
		Release|ARM = Release|ARM
		Release|iPhone = Release|iPhone
		Release|iPhoneSimulator = Release|iPhoneSimulator
		Release|x64 = Release|x64
		Release|x86 = Release|x86
	EndGlobalSection
	GlobalSection(ProjectConfigurationPlatforms) = postSolution
		{79FC713D-D881-4EAC-8BD8-BC6C495117C8}.Ad-Hoc|Any CPU.ActiveCfg = Release|Any CPU
		{79FC713D-D881-4EAC-8BD8-BC6C495117C8}.Ad-Hoc|Any CPU.Build.0 = Release|Any CPU
		{79FC713D-D881-4EAC-8BD8-BC6C495117C8}.Ad-Hoc|Any CPU.Deploy.0 = Release|Any CPU
		{79FC713D-D881-4EAC-8BD8-BC6C495117C8}.Ad-Hoc|ARM.ActiveCfg = Release|Any CPU
		{79FC713D-D881-4EAC-8BD8-BC6C495117C8}.Ad-Hoc|ARM.Build.0 = Release|Any CPU
		{79FC713D-D881-4EAC-8BD8-BC6C495117C8}.Ad-Hoc|ARM.Deploy.0 = Release|Any CPU
		{79FC713D-D881-4EAC-8BD8-BC6C495117C8}.Ad-Hoc|iPhone.ActiveCfg = Release|Any CPU
		{79FC713D-D881-4EAC-8BD8-BC6C495117C8}.Ad-Hoc|iPhone.Build.0 = Release|Any CPU
		{79FC713D-D881-4EAC-8BD8-BC6C495117C8}.Ad-Hoc|iPhone.Deploy.0 = Release|Any CPU
		{79FC713D-D881-4EAC-8BD8-BC6C495117C8}.Ad-Hoc|iPhoneSimulator.ActiveCfg = Release|Any CPU
		{79FC713D-D881-4EAC-8BD8-BC6C495117C8}.Ad-Hoc|iPhoneSimulator.Build.0 = Release|Any CPU
		{79FC713D-D881-4EAC-8BD8-BC6C495117C8}.Ad-Hoc|iPhoneSimulator.Deploy.0 = Release|Any CPU
		{79FC713D-D881-4EAC-8BD8-BC6C495117C8}.Ad-Hoc|x64.ActiveCfg = Release|Any CPU
		{79FC713D-D881-4EAC-8BD8-BC6C495117C8}.Ad-Hoc|x64.Build.0 = Release|Any CPU
		{79FC713D-D881-4EAC-8BD8-BC6C495117C8}.Ad-Hoc|x64.Deploy.0 = Release|Any CPU
		{79FC713D-D881-4EAC-8BD8-BC6C495117C8}.Ad-Hoc|x86.ActiveCfg = Release|Any CPU
		{79FC713D-D881-4EAC-8BD8-BC6C495117C8}.Ad-Hoc|x86.Build.0 = Release|Any CPU
		{79FC713D-D881-4EAC-8BD8-BC6C495117C8}.Ad-Hoc|x86.Deploy.0 = Release|Any CPU
		{79FC713D-D881-4EAC-8BD8-BC6C495117C8}.AppStore|Any CPU.ActiveCfg = Release|Any CPU
		{79FC713D-D881-4EAC-8BD8-BC6C495117C8}.AppStore|Any CPU.Build.0 = Release|Any CPU
		{79FC713D-D881-4EAC-8BD8-BC6C495117C8}.AppStore|Any CPU.Deploy.0 = Release|Any CPU
		{79FC713D-D881-4EAC-8BD8-BC6C495117C8}.AppStore|ARM.ActiveCfg = Release|Any CPU
		{79FC713D-D881-4EAC-8BD8-BC6C495117C8}.AppStore|ARM.Build.0 = Release|Any CPU
		{79FC713D-D881-4EAC-8BD8-BC6C495117C8}.AppStore|ARM.Deploy.0 = Release|Any CPU
		{79FC713D-D881-4EAC-8BD8-BC6C495117C8}.AppStore|iPhone.ActiveCfg = Release|Any CPU
		{79FC713D-D881-4EAC-8BD8-BC6C495117C8}.AppStore|iPhone.Build.0 = Release|Any CPU
		{79FC713D-D881-4EAC-8BD8-BC6C495117C8}.AppStore|iPhone.Deploy.0 = Release|Any CPU
		{79FC713D-D881-4EAC-8BD8-BC6C495117C8}.AppStore|iPhoneSimulator.ActiveCfg = Release|Any CPU
		{79FC713D-D881-4EAC-8BD8-BC6C495117C8}.AppStore|iPhoneSimulator.Build.0 = Release|Any CPU
		{79FC713D-D881-4EAC-8BD8-BC6C495117C8}.AppStore|iPhoneSimulator.Deploy.0 = Release|Any CPU
		{79FC713D-D881-4EAC-8BD8-BC6C495117C8}.AppStore|x64.ActiveCfg = Release|Any CPU
		{79FC713D-D881-4EAC-8BD8-BC6C495117C8}.AppStore|x64.Build.0 = Release|Any CPU
		{79FC713D-D881-4EAC-8BD8-BC6C495117C8}.AppStore|x64.Deploy.0 = Release|Any CPU
		{79FC713D-D881-4EAC-8BD8-BC6C495117C8}.AppStore|x86.ActiveCfg = Release|Any CPU
		{79FC713D-D881-4EAC-8BD8-BC6C495117C8}.AppStore|x86.Build.0 = Release|Any CPU
		{79FC713D-D881-4EAC-8BD8-BC6C495117C8}.AppStore|x86.Deploy.0 = Release|Any CPU
		{79FC713D-D881-4EAC-8BD8-BC6C495117C8}.Debug|Any CPU.ActiveCfg = Debug|Any CPU
		{79FC713D-D881-4EAC-8BD8-BC6C495117C8}.Debug|Any CPU.Build.0 = Debug|Any CPU
		{79FC713D-D881-4EAC-8BD8-BC6C495117C8}.Debug|Any CPU.Deploy.0 = Debug|Any CPU
		{79FC713D-D881-4EAC-8BD8-BC6C495117C8}.Debug|ARM.ActiveCfg = Debug|Any CPU
		{79FC713D-D881-4EAC-8BD8-BC6C495117C8}.Debug|ARM.Build.0 = Debug|Any CPU
		{79FC713D-D881-4EAC-8BD8-BC6C495117C8}.Debug|ARM.Deploy.0 = Debug|Any CPU
		{79FC713D-D881-4EAC-8BD8-BC6C495117C8}.Debug|iPhone.ActiveCfg = Debug|Any CPU
		{79FC713D-D881-4EAC-8BD8-BC6C495117C8}.Debug|iPhone.Build.0 = Debug|Any CPU
		{79FC713D-D881-4EAC-8BD8-BC6C495117C8}.Debug|iPhone.Deploy.0 = Debug|Any CPU
		{79FC713D-D881-4EAC-8BD8-BC6C495117C8}.Debug|iPhoneSimulator.ActiveCfg = Debug|Any CPU
		{79FC713D-D881-4EAC-8BD8-BC6C495117C8}.Debug|iPhoneSimulator.Build.0 = Debug|Any CPU
		{79FC713D-D881-4EAC-8BD8-BC6C495117C8}.Debug|iPhoneSimulator.Deploy.0 = Debug|Any CPU
		{79FC713D-D881-4EAC-8BD8-BC6C495117C8}.Debug|x64.ActiveCfg = Debug|Any CPU
		{79FC713D-D881-4EAC-8BD8-BC6C495117C8}.Debug|x64.Build.0 = Debug|Any CPU
		{79FC713D-D881-4EAC-8BD8-BC6C495117C8}.Debug|x64.Deploy.0 = Debug|Any CPU
		{79FC713D-D881-4EAC-8BD8-BC6C495117C8}.Debug|x86.ActiveCfg = Debug|Any CPU
		{79FC713D-D881-4EAC-8BD8-BC6C495117C8}.Debug|x86.Build.0 = Debug|Any CPU
		{79FC713D-D881-4EAC-8BD8-BC6C495117C8}.Debug|x86.Deploy.0 = Debug|Any CPU
		{79FC713D-D881-4EAC-8BD8-BC6C495117C8}.Release|Any CPU.ActiveCfg = Release|Any CPU
		{79FC713D-D881-4EAC-8BD8-BC6C495117C8}.Release|Any CPU.Build.0 = Release|Any CPU
		{79FC713D-D881-4EAC-8BD8-BC6C495117C8}.Release|Any CPU.Deploy.0 = Release|Any CPU
		{79FC713D-D881-4EAC-8BD8-BC6C495117C8}.Release|ARM.ActiveCfg = Release|Any CPU
		{79FC713D-D881-4EAC-8BD8-BC6C495117C8}.Release|ARM.Build.0 = Release|Any CPU
		{79FC713D-D881-4EAC-8BD8-BC6C495117C8}.Release|ARM.Deploy.0 = Release|Any CPU
		{79FC713D-D881-4EAC-8BD8-BC6C495117C8}.Release|iPhone.ActiveCfg = Release|Any CPU
		{79FC713D-D881-4EAC-8BD8-BC6C495117C8}.Release|iPhone.Build.0 = Release|Any CPU
		{79FC713D-D881-4EAC-8BD8-BC6C495117C8}.Release|iPhone.Deploy.0 = Release|Any CPU
		{79FC713D-D881-4EAC-8BD8-BC6C495117C8}.Release|iPhoneSimulator.ActiveCfg = Release|Any CPU
		{79FC713D-D881-4EAC-8BD8-BC6C495117C8}.Release|iPhoneSimulator.Build.0 = Release|Any CPU
		{79FC713D-D881-4EAC-8BD8-BC6C495117C8}.Release|iPhoneSimulator.Deploy.0 = Release|Any CPU
		{79FC713D-D881-4EAC-8BD8-BC6C495117C8}.Release|x64.ActiveCfg = Release|Any CPU
		{79FC713D-D881-4EAC-8BD8-BC6C495117C8}.Release|x64.Build.0 = Release|Any CPU
		{79FC713D-D881-4EAC-8BD8-BC6C495117C8}.Release|x64.Deploy.0 = Release|Any CPU
		{79FC713D-D881-4EAC-8BD8-BC6C495117C8}.Release|x86.ActiveCfg = Release|Any CPU
		{79FC713D-D881-4EAC-8BD8-BC6C495117C8}.Release|x86.Build.0 = Release|Any CPU
		{79FC713D-D881-4EAC-8BD8-BC6C495117C8}.Release|x86.Deploy.0 = Release|Any CPU
		{F53384AB-43B2-4272-810F-63E0F0A09C59}.Ad-Hoc|Any CPU.ActiveCfg = Ad-Hoc|iPhone
		{F53384AB-43B2-4272-810F-63E0F0A09C59}.Ad-Hoc|ARM.ActiveCfg = Ad-Hoc|iPhone
		{F53384AB-43B2-4272-810F-63E0F0A09C59}.Ad-Hoc|iPhone.ActiveCfg = Ad-Hoc|iPhone
		{F53384AB-43B2-4272-810F-63E0F0A09C59}.Ad-Hoc|iPhone.Build.0 = Ad-Hoc|iPhone
		{F53384AB-43B2-4272-810F-63E0F0A09C59}.Ad-Hoc|iPhoneSimulator.ActiveCfg = Ad-Hoc|iPhoneSimulator
		{F53384AB-43B2-4272-810F-63E0F0A09C59}.Ad-Hoc|iPhoneSimulator.Build.0 = Ad-Hoc|iPhoneSimulator
		{F53384AB-43B2-4272-810F-63E0F0A09C59}.Ad-Hoc|x64.ActiveCfg = Ad-Hoc|iPhone
		{F53384AB-43B2-4272-810F-63E0F0A09C59}.Ad-Hoc|x86.ActiveCfg = Ad-Hoc|iPhone
		{F53384AB-43B2-4272-810F-63E0F0A09C59}.AppStore|Any CPU.ActiveCfg = AppStore|iPhone
		{F53384AB-43B2-4272-810F-63E0F0A09C59}.AppStore|ARM.ActiveCfg = AppStore|iPhone
		{F53384AB-43B2-4272-810F-63E0F0A09C59}.AppStore|iPhone.ActiveCfg = AppStore|iPhone
		{F53384AB-43B2-4272-810F-63E0F0A09C59}.AppStore|iPhone.Build.0 = AppStore|iPhone
		{F53384AB-43B2-4272-810F-63E0F0A09C59}.AppStore|iPhoneSimulator.ActiveCfg = AppStore|iPhoneSimulator
		{F53384AB-43B2-4272-810F-63E0F0A09C59}.AppStore|iPhoneSimulator.Build.0 = AppStore|iPhoneSimulator
		{F53384AB-43B2-4272-810F-63E0F0A09C59}.AppStore|x64.ActiveCfg = AppStore|iPhone
		{F53384AB-43B2-4272-810F-63E0F0A09C59}.AppStore|x86.ActiveCfg = AppStore|iPhone
		{F53384AB-43B2-4272-810F-63E0F0A09C59}.Debug|Any CPU.ActiveCfg = Debug|iPhone
		{F53384AB-43B2-4272-810F-63E0F0A09C59}.Debug|ARM.ActiveCfg = Debug|iPhone
		{F53384AB-43B2-4272-810F-63E0F0A09C59}.Debug|iPhone.ActiveCfg = Debug|iPhone
		{F53384AB-43B2-4272-810F-63E0F0A09C59}.Debug|iPhone.Build.0 = Debug|iPhone
		{F53384AB-43B2-4272-810F-63E0F0A09C59}.Debug|iPhoneSimulator.ActiveCfg = Debug|iPhoneSimulator
		{F53384AB-43B2-4272-810F-63E0F0A09C59}.Debug|iPhoneSimulator.Build.0 = Debug|iPhoneSimulator
		{F53384AB-43B2-4272-810F-63E0F0A09C59}.Debug|x64.ActiveCfg = Debug|iPhone
		{F53384AB-43B2-4272-810F-63E0F0A09C59}.Debug|x86.ActiveCfg = Debug|iPhone
		{F53384AB-43B2-4272-810F-63E0F0A09C59}.Release|Any CPU.ActiveCfg = Release|iPhone
		{F53384AB-43B2-4272-810F-63E0F0A09C59}.Release|ARM.ActiveCfg = Release|iPhone
		{F53384AB-43B2-4272-810F-63E0F0A09C59}.Release|iPhone.ActiveCfg = Release|iPhone
		{F53384AB-43B2-4272-810F-63E0F0A09C59}.Release|iPhone.Build.0 = Release|iPhone
		{F53384AB-43B2-4272-810F-63E0F0A09C59}.Release|iPhoneSimulator.ActiveCfg = Release|iPhoneSimulator
		{F53384AB-43B2-4272-810F-63E0F0A09C59}.Release|iPhoneSimulator.Build.0 = Release|iPhoneSimulator
		{F53384AB-43B2-4272-810F-63E0F0A09C59}.Release|x64.ActiveCfg = Release|iPhone
		{F53384AB-43B2-4272-810F-63E0F0A09C59}.Release|x86.ActiveCfg = Release|iPhone
		{EA3E512A-EF5F-4AE4-9507-239C566588E2}.Ad-Hoc|Any CPU.ActiveCfg = Release|Any CPU
		{EA3E512A-EF5F-4AE4-9507-239C566588E2}.Ad-Hoc|Any CPU.Build.0 = Release|Any CPU
		{EA3E512A-EF5F-4AE4-9507-239C566588E2}.Ad-Hoc|Any CPU.Deploy.0 = Release|Any CPU
		{EA3E512A-EF5F-4AE4-9507-239C566588E2}.Ad-Hoc|ARM.ActiveCfg = Release|ARM
		{EA3E512A-EF5F-4AE4-9507-239C566588E2}.Ad-Hoc|ARM.Build.0 = Release|ARM
		{EA3E512A-EF5F-4AE4-9507-239C566588E2}.Ad-Hoc|ARM.Deploy.0 = Release|ARM
		{EA3E512A-EF5F-4AE4-9507-239C566588E2}.Ad-Hoc|iPhone.ActiveCfg = Release|Any CPU
		{EA3E512A-EF5F-4AE4-9507-239C566588E2}.Ad-Hoc|iPhone.Build.0 = Release|Any CPU
		{EA3E512A-EF5F-4AE4-9507-239C566588E2}.Ad-Hoc|iPhone.Deploy.0 = Release|Any CPU
		{EA3E512A-EF5F-4AE4-9507-239C566588E2}.Ad-Hoc|iPhoneSimulator.ActiveCfg = Release|Any CPU
		{EA3E512A-EF5F-4AE4-9507-239C566588E2}.Ad-Hoc|iPhoneSimulator.Build.0 = Release|Any CPU
		{EA3E512A-EF5F-4AE4-9507-239C566588E2}.Ad-Hoc|iPhoneSimulator.Deploy.0 = Release|Any CPU
		{EA3E512A-EF5F-4AE4-9507-239C566588E2}.Ad-Hoc|x64.ActiveCfg = Release|Any CPU
		{EA3E512A-EF5F-4AE4-9507-239C566588E2}.Ad-Hoc|x64.Build.0 = Release|Any CPU
		{EA3E512A-EF5F-4AE4-9507-239C566588E2}.Ad-Hoc|x64.Deploy.0 = Release|Any CPU
		{EA3E512A-EF5F-4AE4-9507-239C566588E2}.Ad-Hoc|x86.ActiveCfg = Release|x86
		{EA3E512A-EF5F-4AE4-9507-239C566588E2}.Ad-Hoc|x86.Build.0 = Release|x86
		{EA3E512A-EF5F-4AE4-9507-239C566588E2}.Ad-Hoc|x86.Deploy.0 = Release|x86
		{EA3E512A-EF5F-4AE4-9507-239C566588E2}.AppStore|Any CPU.ActiveCfg = Release|Any CPU
		{EA3E512A-EF5F-4AE4-9507-239C566588E2}.AppStore|Any CPU.Build.0 = Release|Any CPU
		{EA3E512A-EF5F-4AE4-9507-239C566588E2}.AppStore|Any CPU.Deploy.0 = Release|Any CPU
		{EA3E512A-EF5F-4AE4-9507-239C566588E2}.AppStore|ARM.ActiveCfg = Release|ARM
		{EA3E512A-EF5F-4AE4-9507-239C566588E2}.AppStore|ARM.Build.0 = Release|ARM
		{EA3E512A-EF5F-4AE4-9507-239C566588E2}.AppStore|ARM.Deploy.0 = Release|ARM
		{EA3E512A-EF5F-4AE4-9507-239C566588E2}.AppStore|iPhone.ActiveCfg = Release|Any CPU
		{EA3E512A-EF5F-4AE4-9507-239C566588E2}.AppStore|iPhone.Build.0 = Release|Any CPU
		{EA3E512A-EF5F-4AE4-9507-239C566588E2}.AppStore|iPhone.Deploy.0 = Release|Any CPU
		{EA3E512A-EF5F-4AE4-9507-239C566588E2}.AppStore|iPhoneSimulator.ActiveCfg = Release|Any CPU
		{EA3E512A-EF5F-4AE4-9507-239C566588E2}.AppStore|iPhoneSimulator.Build.0 = Release|Any CPU
		{EA3E512A-EF5F-4AE4-9507-239C566588E2}.AppStore|iPhoneSimulator.Deploy.0 = Release|Any CPU
		{EA3E512A-EF5F-4AE4-9507-239C566588E2}.AppStore|x64.ActiveCfg = Release|Any CPU
		{EA3E512A-EF5F-4AE4-9507-239C566588E2}.AppStore|x64.Build.0 = Release|Any CPU
		{EA3E512A-EF5F-4AE4-9507-239C566588E2}.AppStore|x64.Deploy.0 = Release|Any CPU
		{EA3E512A-EF5F-4AE4-9507-239C566588E2}.AppStore|x86.ActiveCfg = Release|x86
		{EA3E512A-EF5F-4AE4-9507-239C566588E2}.AppStore|x86.Build.0 = Release|x86
		{EA3E512A-EF5F-4AE4-9507-239C566588E2}.AppStore|x86.Deploy.0 = Release|x86
		{EA3E512A-EF5F-4AE4-9507-239C566588E2}.Debug|Any CPU.ActiveCfg = Debug|Any CPU
		{EA3E512A-EF5F-4AE4-9507-239C566588E2}.Debug|Any CPU.Build.0 = Debug|Any CPU
		{EA3E512A-EF5F-4AE4-9507-239C566588E2}.Debug|Any CPU.Deploy.0 = Debug|Any CPU
		{EA3E512A-EF5F-4AE4-9507-239C566588E2}.Debug|ARM.ActiveCfg = Debug|ARM
		{EA3E512A-EF5F-4AE4-9507-239C566588E2}.Debug|ARM.Build.0 = Debug|ARM
		{EA3E512A-EF5F-4AE4-9507-239C566588E2}.Debug|ARM.Deploy.0 = Debug|ARM
		{EA3E512A-EF5F-4AE4-9507-239C566588E2}.Debug|iPhone.ActiveCfg = Debug|Any CPU
		{EA3E512A-EF5F-4AE4-9507-239C566588E2}.Debug|iPhone.Build.0 = Debug|Any CPU
		{EA3E512A-EF5F-4AE4-9507-239C566588E2}.Debug|iPhone.Deploy.0 = Debug|Any CPU
		{EA3E512A-EF5F-4AE4-9507-239C566588E2}.Debug|iPhoneSimulator.ActiveCfg = Debug|Any CPU
		{EA3E512A-EF5F-4AE4-9507-239C566588E2}.Debug|iPhoneSimulator.Build.0 = Debug|Any CPU
		{EA3E512A-EF5F-4AE4-9507-239C566588E2}.Debug|iPhoneSimulator.Deploy.0 = Debug|Any CPU
		{EA3E512A-EF5F-4AE4-9507-239C566588E2}.Debug|x64.ActiveCfg = Debug|Any CPU
		{EA3E512A-EF5F-4AE4-9507-239C566588E2}.Debug|x64.Build.0 = Debug|Any CPU
		{EA3E512A-EF5F-4AE4-9507-239C566588E2}.Debug|x64.Deploy.0 = Debug|Any CPU
		{EA3E512A-EF5F-4AE4-9507-239C566588E2}.Debug|x86.ActiveCfg = Debug|x86
		{EA3E512A-EF5F-4AE4-9507-239C566588E2}.Debug|x86.Build.0 = Debug|x86
		{EA3E512A-EF5F-4AE4-9507-239C566588E2}.Debug|x86.Deploy.0 = Debug|x86
		{EA3E512A-EF5F-4AE4-9507-239C566588E2}.Release|Any CPU.ActiveCfg = Release|Any CPU
		{EA3E512A-EF5F-4AE4-9507-239C566588E2}.Release|Any CPU.Build.0 = Release|Any CPU
		{EA3E512A-EF5F-4AE4-9507-239C566588E2}.Release|Any CPU.Deploy.0 = Release|Any CPU
		{EA3E512A-EF5F-4AE4-9507-239C566588E2}.Release|ARM.ActiveCfg = Release|ARM
		{EA3E512A-EF5F-4AE4-9507-239C566588E2}.Release|ARM.Build.0 = Release|ARM
		{EA3E512A-EF5F-4AE4-9507-239C566588E2}.Release|ARM.Deploy.0 = Release|ARM
		{EA3E512A-EF5F-4AE4-9507-239C566588E2}.Release|iPhone.ActiveCfg = Release|Any CPU
		{EA3E512A-EF5F-4AE4-9507-239C566588E2}.Release|iPhone.Build.0 = Release|Any CPU
		{EA3E512A-EF5F-4AE4-9507-239C566588E2}.Release|iPhone.Deploy.0 = Release|Any CPU
		{EA3E512A-EF5F-4AE4-9507-239C566588E2}.Release|iPhoneSimulator.ActiveCfg = Release|Any CPU
		{EA3E512A-EF5F-4AE4-9507-239C566588E2}.Release|iPhoneSimulator.Build.0 = Release|Any CPU
		{EA3E512A-EF5F-4AE4-9507-239C566588E2}.Release|iPhoneSimulator.Deploy.0 = Release|Any CPU
		{EA3E512A-EF5F-4AE4-9507-239C566588E2}.Release|x64.ActiveCfg = Release|Any CPU
		{EA3E512A-EF5F-4AE4-9507-239C566588E2}.Release|x64.Build.0 = Release|Any CPU
		{EA3E512A-EF5F-4AE4-9507-239C566588E2}.Release|x64.Deploy.0 = Release|Any CPU
		{EA3E512A-EF5F-4AE4-9507-239C566588E2}.Release|x86.ActiveCfg = Release|x86
		{EA3E512A-EF5F-4AE4-9507-239C566588E2}.Release|x86.Build.0 = Release|x86
		{EA3E512A-EF5F-4AE4-9507-239C566588E2}.Release|x86.Deploy.0 = Release|x86
		{3D105604-33E0-4394-8A59-3E8F70EC5F27}.Ad-Hoc|Any CPU.ActiveCfg = Release|x86
		{3D105604-33E0-4394-8A59-3E8F70EC5F27}.Ad-Hoc|Any CPU.Build.0 = Release|x86
		{3D105604-33E0-4394-8A59-3E8F70EC5F27}.Ad-Hoc|Any CPU.Deploy.0 = Release|x86
		{3D105604-33E0-4394-8A59-3E8F70EC5F27}.Ad-Hoc|ARM.ActiveCfg = Release|ARM
		{3D105604-33E0-4394-8A59-3E8F70EC5F27}.Ad-Hoc|ARM.Build.0 = Release|ARM
		{3D105604-33E0-4394-8A59-3E8F70EC5F27}.Ad-Hoc|ARM.Deploy.0 = Release|ARM
		{3D105604-33E0-4394-8A59-3E8F70EC5F27}.Ad-Hoc|iPhone.ActiveCfg = Release|x86
		{3D105604-33E0-4394-8A59-3E8F70EC5F27}.Ad-Hoc|iPhone.Build.0 = Release|x86
		{3D105604-33E0-4394-8A59-3E8F70EC5F27}.Ad-Hoc|iPhone.Deploy.0 = Release|x86
		{3D105604-33E0-4394-8A59-3E8F70EC5F27}.Ad-Hoc|iPhoneSimulator.ActiveCfg = Release|x86
		{3D105604-33E0-4394-8A59-3E8F70EC5F27}.Ad-Hoc|iPhoneSimulator.Build.0 = Release|x86
		{3D105604-33E0-4394-8A59-3E8F70EC5F27}.Ad-Hoc|iPhoneSimulator.Deploy.0 = Release|x86
		{3D105604-33E0-4394-8A59-3E8F70EC5F27}.Ad-Hoc|x64.ActiveCfg = Release|x64
		{3D105604-33E0-4394-8A59-3E8F70EC5F27}.Ad-Hoc|x64.Build.0 = Release|x64
		{3D105604-33E0-4394-8A59-3E8F70EC5F27}.Ad-Hoc|x64.Deploy.0 = Release|x64
		{3D105604-33E0-4394-8A59-3E8F70EC5F27}.Ad-Hoc|x86.ActiveCfg = Release|x86
		{3D105604-33E0-4394-8A59-3E8F70EC5F27}.Ad-Hoc|x86.Build.0 = Release|x86
		{3D105604-33E0-4394-8A59-3E8F70EC5F27}.Ad-Hoc|x86.Deploy.0 = Release|x86
		{3D105604-33E0-4394-8A59-3E8F70EC5F27}.AppStore|Any CPU.ActiveCfg = Release|x86
		{3D105604-33E0-4394-8A59-3E8F70EC5F27}.AppStore|Any CPU.Build.0 = Release|x86
		{3D105604-33E0-4394-8A59-3E8F70EC5F27}.AppStore|Any CPU.Deploy.0 = Release|x86
		{3D105604-33E0-4394-8A59-3E8F70EC5F27}.AppStore|ARM.ActiveCfg = Release|ARM
		{3D105604-33E0-4394-8A59-3E8F70EC5F27}.AppStore|ARM.Build.0 = Release|ARM
		{3D105604-33E0-4394-8A59-3E8F70EC5F27}.AppStore|ARM.Deploy.0 = Release|ARM
		{3D105604-33E0-4394-8A59-3E8F70EC5F27}.AppStore|iPhone.ActiveCfg = Release|x86
		{3D105604-33E0-4394-8A59-3E8F70EC5F27}.AppStore|iPhone.Build.0 = Release|x86
		{3D105604-33E0-4394-8A59-3E8F70EC5F27}.AppStore|iPhone.Deploy.0 = Release|x86
		{3D105604-33E0-4394-8A59-3E8F70EC5F27}.AppStore|iPhoneSimulator.ActiveCfg = Release|x86
		{3D105604-33E0-4394-8A59-3E8F70EC5F27}.AppStore|iPhoneSimulator.Build.0 = Release|x86
		{3D105604-33E0-4394-8A59-3E8F70EC5F27}.AppStore|iPhoneSimulator.Deploy.0 = Release|x86
		{3D105604-33E0-4394-8A59-3E8F70EC5F27}.AppStore|x64.ActiveCfg = Release|x64
		{3D105604-33E0-4394-8A59-3E8F70EC5F27}.AppStore|x64.Build.0 = Release|x64
		{3D105604-33E0-4394-8A59-3E8F70EC5F27}.AppStore|x64.Deploy.0 = Release|x64
		{3D105604-33E0-4394-8A59-3E8F70EC5F27}.AppStore|x86.ActiveCfg = Release|x86
		{3D105604-33E0-4394-8A59-3E8F70EC5F27}.AppStore|x86.Build.0 = Release|x86
		{3D105604-33E0-4394-8A59-3E8F70EC5F27}.AppStore|x86.Deploy.0 = Release|x86
		{3D105604-33E0-4394-8A59-3E8F70EC5F27}.Debug|Any CPU.ActiveCfg = Debug|x86
		{3D105604-33E0-4394-8A59-3E8F70EC5F27}.Debug|ARM.ActiveCfg = Debug|ARM
		{3D105604-33E0-4394-8A59-3E8F70EC5F27}.Debug|ARM.Build.0 = Debug|ARM
		{3D105604-33E0-4394-8A59-3E8F70EC5F27}.Debug|ARM.Deploy.0 = Debug|ARM
		{3D105604-33E0-4394-8A59-3E8F70EC5F27}.Debug|iPhone.ActiveCfg = Debug|x86
		{3D105604-33E0-4394-8A59-3E8F70EC5F27}.Debug|iPhoneSimulator.ActiveCfg = Debug|x86
		{3D105604-33E0-4394-8A59-3E8F70EC5F27}.Debug|x64.ActiveCfg = Debug|x64
		{3D105604-33E0-4394-8A59-3E8F70EC5F27}.Debug|x64.Build.0 = Debug|x64
		{3D105604-33E0-4394-8A59-3E8F70EC5F27}.Debug|x64.Deploy.0 = Debug|x64
		{3D105604-33E0-4394-8A59-3E8F70EC5F27}.Debug|x86.ActiveCfg = Debug|x86
		{3D105604-33E0-4394-8A59-3E8F70EC5F27}.Debug|x86.Build.0 = Debug|x86
		{3D105604-33E0-4394-8A59-3E8F70EC5F27}.Debug|x86.Deploy.0 = Debug|x86
		{3D105604-33E0-4394-8A59-3E8F70EC5F27}.Release|Any CPU.ActiveCfg = Release|x86
		{3D105604-33E0-4394-8A59-3E8F70EC5F27}.Release|ARM.ActiveCfg = Release|ARM
		{3D105604-33E0-4394-8A59-3E8F70EC5F27}.Release|ARM.Build.0 = Release|ARM
		{3D105604-33E0-4394-8A59-3E8F70EC5F27}.Release|ARM.Deploy.0 = Release|ARM
		{3D105604-33E0-4394-8A59-3E8F70EC5F27}.Release|iPhone.ActiveCfg = Release|x86
		{3D105604-33E0-4394-8A59-3E8F70EC5F27}.Release|iPhoneSimulator.ActiveCfg = Release|x86
		{3D105604-33E0-4394-8A59-3E8F70EC5F27}.Release|x64.ActiveCfg = Release|x64
		{3D105604-33E0-4394-8A59-3E8F70EC5F27}.Release|x64.Build.0 = Release|x64
		{3D105604-33E0-4394-8A59-3E8F70EC5F27}.Release|x64.Deploy.0 = Release|x64
		{3D105604-33E0-4394-8A59-3E8F70EC5F27}.Release|x86.ActiveCfg = Release|x86
		{3D105604-33E0-4394-8A59-3E8F70EC5F27}.Release|x86.Build.0 = Release|x86
		{3D105604-33E0-4394-8A59-3E8F70EC5F27}.Release|x86.Deploy.0 = Release|x86
		{DC20D6A0-022D-4A85-A554-F64C67D43433}.Ad-Hoc|Any CPU.ActiveCfg = Release|Any CPU
		{DC20D6A0-022D-4A85-A554-F64C67D43433}.Ad-Hoc|Any CPU.Build.0 = Release|Any CPU
		{DC20D6A0-022D-4A85-A554-F64C67D43433}.Ad-Hoc|Any CPU.Deploy.0 = Release|Any CPU
		{DC20D6A0-022D-4A85-A554-F64C67D43433}.Ad-Hoc|ARM.ActiveCfg = Release|ARM
		{DC20D6A0-022D-4A85-A554-F64C67D43433}.Ad-Hoc|ARM.Build.0 = Release|ARM
		{DC20D6A0-022D-4A85-A554-F64C67D43433}.Ad-Hoc|ARM.Deploy.0 = Release|ARM
		{DC20D6A0-022D-4A85-A554-F64C67D43433}.Ad-Hoc|iPhone.ActiveCfg = Release|Any CPU
		{DC20D6A0-022D-4A85-A554-F64C67D43433}.Ad-Hoc|iPhone.Build.0 = Release|Any CPU
		{DC20D6A0-022D-4A85-A554-F64C67D43433}.Ad-Hoc|iPhone.Deploy.0 = Release|Any CPU
		{DC20D6A0-022D-4A85-A554-F64C67D43433}.Ad-Hoc|iPhoneSimulator.ActiveCfg = Release|Any CPU
		{DC20D6A0-022D-4A85-A554-F64C67D43433}.Ad-Hoc|iPhoneSimulator.Build.0 = Release|Any CPU
		{DC20D6A0-022D-4A85-A554-F64C67D43433}.Ad-Hoc|iPhoneSimulator.Deploy.0 = Release|Any CPU
		{DC20D6A0-022D-4A85-A554-F64C67D43433}.Ad-Hoc|x64.ActiveCfg = Release|x64
		{DC20D6A0-022D-4A85-A554-F64C67D43433}.Ad-Hoc|x64.Build.0 = Release|x64
		{DC20D6A0-022D-4A85-A554-F64C67D43433}.Ad-Hoc|x64.Deploy.0 = Release|x64
		{DC20D6A0-022D-4A85-A554-F64C67D43433}.Ad-Hoc|x86.ActiveCfg = Release|x86
		{DC20D6A0-022D-4A85-A554-F64C67D43433}.Ad-Hoc|x86.Build.0 = Release|x86
		{DC20D6A0-022D-4A85-A554-F64C67D43433}.Ad-Hoc|x86.Deploy.0 = Release|x86
		{DC20D6A0-022D-4A85-A554-F64C67D43433}.AppStore|Any CPU.ActiveCfg = Release|Any CPU
		{DC20D6A0-022D-4A85-A554-F64C67D43433}.AppStore|Any CPU.Build.0 = Release|Any CPU
		{DC20D6A0-022D-4A85-A554-F64C67D43433}.AppStore|Any CPU.Deploy.0 = Release|Any CPU
		{DC20D6A0-022D-4A85-A554-F64C67D43433}.AppStore|ARM.ActiveCfg = Release|ARM
		{DC20D6A0-022D-4A85-A554-F64C67D43433}.AppStore|ARM.Build.0 = Release|ARM
		{DC20D6A0-022D-4A85-A554-F64C67D43433}.AppStore|ARM.Deploy.0 = Release|ARM
		{DC20D6A0-022D-4A85-A554-F64C67D43433}.AppStore|iPhone.ActiveCfg = Release|Any CPU
		{DC20D6A0-022D-4A85-A554-F64C67D43433}.AppStore|iPhone.Build.0 = Release|Any CPU
		{DC20D6A0-022D-4A85-A554-F64C67D43433}.AppStore|iPhone.Deploy.0 = Release|Any CPU
		{DC20D6A0-022D-4A85-A554-F64C67D43433}.AppStore|iPhoneSimulator.ActiveCfg = Release|Any CPU
		{DC20D6A0-022D-4A85-A554-F64C67D43433}.AppStore|iPhoneSimulator.Build.0 = Release|Any CPU
		{DC20D6A0-022D-4A85-A554-F64C67D43433}.AppStore|iPhoneSimulator.Deploy.0 = Release|Any CPU
		{DC20D6A0-022D-4A85-A554-F64C67D43433}.AppStore|x64.ActiveCfg = Release|x64
		{DC20D6A0-022D-4A85-A554-F64C67D43433}.AppStore|x64.Build.0 = Release|x64
		{DC20D6A0-022D-4A85-A554-F64C67D43433}.AppStore|x64.Deploy.0 = Release|x64
		{DC20D6A0-022D-4A85-A554-F64C67D43433}.AppStore|x86.ActiveCfg = Release|x86
		{DC20D6A0-022D-4A85-A554-F64C67D43433}.AppStore|x86.Build.0 = Release|x86
		{DC20D6A0-022D-4A85-A554-F64C67D43433}.AppStore|x86.Deploy.0 = Release|x86
		{DC20D6A0-022D-4A85-A554-F64C67D43433}.Debug|Any CPU.ActiveCfg = Debug|Any CPU
		{DC20D6A0-022D-4A85-A554-F64C67D43433}.Debug|Any CPU.Build.0 = Debug|Any CPU
		{DC20D6A0-022D-4A85-A554-F64C67D43433}.Debug|Any CPU.Deploy.0 = Debug|Any CPU
		{DC20D6A0-022D-4A85-A554-F64C67D43433}.Debug|ARM.ActiveCfg = Debug|ARM
		{DC20D6A0-022D-4A85-A554-F64C67D43433}.Debug|ARM.Build.0 = Debug|ARM
		{DC20D6A0-022D-4A85-A554-F64C67D43433}.Debug|ARM.Deploy.0 = Debug|ARM
		{DC20D6A0-022D-4A85-A554-F64C67D43433}.Debug|iPhone.ActiveCfg = Debug|Any CPU
		{DC20D6A0-022D-4A85-A554-F64C67D43433}.Debug|iPhone.Build.0 = Debug|Any CPU
		{DC20D6A0-022D-4A85-A554-F64C67D43433}.Debug|iPhone.Deploy.0 = Debug|Any CPU
		{DC20D6A0-022D-4A85-A554-F64C67D43433}.Debug|iPhoneSimulator.ActiveCfg = Debug|Any CPU
		{DC20D6A0-022D-4A85-A554-F64C67D43433}.Debug|iPhoneSimulator.Build.0 = Debug|Any CPU
		{DC20D6A0-022D-4A85-A554-F64C67D43433}.Debug|iPhoneSimulator.Deploy.0 = Debug|Any CPU
		{DC20D6A0-022D-4A85-A554-F64C67D43433}.Debug|x64.ActiveCfg = Debug|x64
		{DC20D6A0-022D-4A85-A554-F64C67D43433}.Debug|x64.Build.0 = Debug|x64
		{DC20D6A0-022D-4A85-A554-F64C67D43433}.Debug|x64.Deploy.0 = Debug|x64
		{DC20D6A0-022D-4A85-A554-F64C67D43433}.Debug|x86.ActiveCfg = Debug|x86
		{DC20D6A0-022D-4A85-A554-F64C67D43433}.Debug|x86.Build.0 = Debug|x86
		{DC20D6A0-022D-4A85-A554-F64C67D43433}.Debug|x86.Deploy.0 = Debug|x86
		{DC20D6A0-022D-4A85-A554-F64C67D43433}.Release|Any CPU.ActiveCfg = Release|Any CPU
		{DC20D6A0-022D-4A85-A554-F64C67D43433}.Release|Any CPU.Build.0 = Release|Any CPU
		{DC20D6A0-022D-4A85-A554-F64C67D43433}.Release|Any CPU.Deploy.0 = Release|Any CPU
		{DC20D6A0-022D-4A85-A554-F64C67D43433}.Release|ARM.ActiveCfg = Release|ARM
		{DC20D6A0-022D-4A85-A554-F64C67D43433}.Release|ARM.Build.0 = Release|ARM
		{DC20D6A0-022D-4A85-A554-F64C67D43433}.Release|ARM.Deploy.0 = Release|ARM
		{DC20D6A0-022D-4A85-A554-F64C67D43433}.Release|iPhone.ActiveCfg = Release|Any CPU
		{DC20D6A0-022D-4A85-A554-F64C67D43433}.Release|iPhone.Build.0 = Release|Any CPU
		{DC20D6A0-022D-4A85-A554-F64C67D43433}.Release|iPhone.Deploy.0 = Release|Any CPU
		{DC20D6A0-022D-4A85-A554-F64C67D43433}.Release|iPhoneSimulator.ActiveCfg = Release|Any CPU
		{DC20D6A0-022D-4A85-A554-F64C67D43433}.Release|iPhoneSimulator.Build.0 = Release|Any CPU
		{DC20D6A0-022D-4A85-A554-F64C67D43433}.Release|iPhoneSimulator.Deploy.0 = Release|Any CPU
		{DC20D6A0-022D-4A85-A554-F64C67D43433}.Release|x64.ActiveCfg = Release|x64
		{DC20D6A0-022D-4A85-A554-F64C67D43433}.Release|x64.Build.0 = Release|x64
		{DC20D6A0-022D-4A85-A554-F64C67D43433}.Release|x64.Deploy.0 = Release|x64
		{DC20D6A0-022D-4A85-A554-F64C67D43433}.Release|x86.ActiveCfg = Release|x86
		{DC20D6A0-022D-4A85-A554-F64C67D43433}.Release|x86.Build.0 = Release|x86
		{DC20D6A0-022D-4A85-A554-F64C67D43433}.Release|x86.Deploy.0 = Release|x86
		{6ED5DD39-9A67-4717-8247-ED68D09E1387}.Ad-Hoc|Any CPU.ActiveCfg = Release|Any CPU
		{6ED5DD39-9A67-4717-8247-ED68D09E1387}.Ad-Hoc|Any CPU.Build.0 = Release|Any CPU
		{6ED5DD39-9A67-4717-8247-ED68D09E1387}.Ad-Hoc|ARM.ActiveCfg = Release|Any CPU
		{6ED5DD39-9A67-4717-8247-ED68D09E1387}.Ad-Hoc|ARM.Build.0 = Release|Any CPU
		{6ED5DD39-9A67-4717-8247-ED68D09E1387}.Ad-Hoc|iPhone.ActiveCfg = Release|Any CPU
		{6ED5DD39-9A67-4717-8247-ED68D09E1387}.Ad-Hoc|iPhone.Build.0 = Release|Any CPU
		{6ED5DD39-9A67-4717-8247-ED68D09E1387}.Ad-Hoc|iPhoneSimulator.ActiveCfg = Release|Any CPU
		{6ED5DD39-9A67-4717-8247-ED68D09E1387}.Ad-Hoc|iPhoneSimulator.Build.0 = Release|Any CPU
		{6ED5DD39-9A67-4717-8247-ED68D09E1387}.Ad-Hoc|x64.ActiveCfg = Release|Any CPU
		{6ED5DD39-9A67-4717-8247-ED68D09E1387}.Ad-Hoc|x64.Build.0 = Release|Any CPU
		{6ED5DD39-9A67-4717-8247-ED68D09E1387}.Ad-Hoc|x86.ActiveCfg = Release|Any CPU
		{6ED5DD39-9A67-4717-8247-ED68D09E1387}.Ad-Hoc|x86.Build.0 = Release|Any CPU
		{6ED5DD39-9A67-4717-8247-ED68D09E1387}.AppStore|Any CPU.ActiveCfg = Release|Any CPU
		{6ED5DD39-9A67-4717-8247-ED68D09E1387}.AppStore|Any CPU.Build.0 = Release|Any CPU
		{6ED5DD39-9A67-4717-8247-ED68D09E1387}.AppStore|ARM.ActiveCfg = Release|Any CPU
		{6ED5DD39-9A67-4717-8247-ED68D09E1387}.AppStore|ARM.Build.0 = Release|Any CPU
		{6ED5DD39-9A67-4717-8247-ED68D09E1387}.AppStore|iPhone.ActiveCfg = Release|Any CPU
		{6ED5DD39-9A67-4717-8247-ED68D09E1387}.AppStore|iPhone.Build.0 = Release|Any CPU
		{6ED5DD39-9A67-4717-8247-ED68D09E1387}.AppStore|iPhoneSimulator.ActiveCfg = Release|Any CPU
		{6ED5DD39-9A67-4717-8247-ED68D09E1387}.AppStore|iPhoneSimulator.Build.0 = Release|Any CPU
		{6ED5DD39-9A67-4717-8247-ED68D09E1387}.AppStore|x64.ActiveCfg = Release|Any CPU
		{6ED5DD39-9A67-4717-8247-ED68D09E1387}.AppStore|x64.Build.0 = Release|Any CPU
		{6ED5DD39-9A67-4717-8247-ED68D09E1387}.AppStore|x86.ActiveCfg = Release|Any CPU
		{6ED5DD39-9A67-4717-8247-ED68D09E1387}.AppStore|x86.Build.0 = Release|Any CPU
		{6ED5DD39-9A67-4717-8247-ED68D09E1387}.Debug|Any CPU.ActiveCfg = Debug|Any CPU
		{6ED5DD39-9A67-4717-8247-ED68D09E1387}.Debug|Any CPU.Build.0 = Debug|Any CPU
		{6ED5DD39-9A67-4717-8247-ED68D09E1387}.Debug|ARM.ActiveCfg = Debug|Any CPU
		{6ED5DD39-9A67-4717-8247-ED68D09E1387}.Debug|ARM.Build.0 = Debug|Any CPU
		{6ED5DD39-9A67-4717-8247-ED68D09E1387}.Debug|iPhone.ActiveCfg = Debug|Any CPU
		{6ED5DD39-9A67-4717-8247-ED68D09E1387}.Debug|iPhone.Build.0 = Debug|Any CPU
		{6ED5DD39-9A67-4717-8247-ED68D09E1387}.Debug|iPhoneSimulator.ActiveCfg = Debug|Any CPU
		{6ED5DD39-9A67-4717-8247-ED68D09E1387}.Debug|iPhoneSimulator.Build.0 = Debug|Any CPU
		{6ED5DD39-9A67-4717-8247-ED68D09E1387}.Debug|x64.ActiveCfg = Debug|Any CPU
		{6ED5DD39-9A67-4717-8247-ED68D09E1387}.Debug|x64.Build.0 = Debug|Any CPU
		{6ED5DD39-9A67-4717-8247-ED68D09E1387}.Debug|x86.ActiveCfg = Debug|Any CPU
		{6ED5DD39-9A67-4717-8247-ED68D09E1387}.Debug|x86.Build.0 = Debug|Any CPU
		{6ED5DD39-9A67-4717-8247-ED68D09E1387}.Release|Any CPU.ActiveCfg = Release|Any CPU
		{6ED5DD39-9A67-4717-8247-ED68D09E1387}.Release|Any CPU.Build.0 = Release|Any CPU
		{6ED5DD39-9A67-4717-8247-ED68D09E1387}.Release|ARM.ActiveCfg = Release|Any CPU
		{6ED5DD39-9A67-4717-8247-ED68D09E1387}.Release|ARM.Build.0 = Release|Any CPU
		{6ED5DD39-9A67-4717-8247-ED68D09E1387}.Release|iPhone.ActiveCfg = Release|Any CPU
		{6ED5DD39-9A67-4717-8247-ED68D09E1387}.Release|iPhone.Build.0 = Release|Any CPU
		{6ED5DD39-9A67-4717-8247-ED68D09E1387}.Release|iPhoneSimulator.ActiveCfg = Release|Any CPU
		{6ED5DD39-9A67-4717-8247-ED68D09E1387}.Release|iPhoneSimulator.Build.0 = Release|Any CPU
		{6ED5DD39-9A67-4717-8247-ED68D09E1387}.Release|x64.ActiveCfg = Release|Any CPU
		{6ED5DD39-9A67-4717-8247-ED68D09E1387}.Release|x64.Build.0 = Release|Any CPU
		{6ED5DD39-9A67-4717-8247-ED68D09E1387}.Release|x86.ActiveCfg = Release|Any CPU
		{6ED5DD39-9A67-4717-8247-ED68D09E1387}.Release|x86.Build.0 = Release|Any CPU
	EndGlobalSection
	GlobalSection(SolutionProperties) = preSolution
		HideSolutionNode = FALSE
	EndGlobalSection
EndGlobal
